
Microsoft Visual Studio Solution File, Format Version 12.00
# Visual Studio Version 17
VisualStudioVersion = 17.6.33801.468
MinimumVisualStudioVersion = 10.0.40219.1
Project("{FAE04EC0-301F-11D3-BF4B-00C04F79EFBC}") = "LinkedList_NumberAddition", "LinkedList_NumberAddition\LinkedList_NumberAddition.csproj", "{C49DFB48-C891-4C02-828E-3033E605EB0B}"
EndProject
Global
	GlobalSection(SolutionConfigurationPlatforms) = preSolution
		Debug|Any CPU = Debug|Any CPU
		Release|Any CPU = Release|Any CPU
	EndGlobalSection
	GlobalSection(ProjectConfigurationPlatforms) = postSolution
		{C49DFB48-C891-4C02-828E-3033E605EB0B}.Debug|Any CPU.ActiveCfg = Debug|Any CPU
		{C49DFB48-C891-4C02-828E-3033E605EB0B}.Debug|Any CPU.Build.0 = Debug|Any CPU
		{C49DFB48-C891-4C02-828E-3033E605EB0B}.Release|Any CPU.ActiveCfg = Release|Any CPU
		{C49DFB48-C891-4C02-828E-3033E605EB0B}.Release|Any CPU.Build.0 = Release|Any CPU
	EndGlobalSection
	GlobalSection(SolutionProperties) = preSolution
		HideSolutionNode = FALSE
	EndGlobalSection
	GlobalSection(ExtensibilityGlobals) = postSolution
		SolutionGuid = {93F10DD5-2A28-44A8-BC21-E30ED3307644}
	EndGlobalSection
EndGlobal
